
Microsoft Visual Studio Solution File, Format Version 12.00
# Visual Studio 15
VisualStudioVersion = 15.0.27703.2026
MinimumVisualStudioVersion = 10.0.40219.1
Project("{9A19103F-16F7-4668-BE54-9A1E7A4F7556}") = "MySchool.Client", "MySchool.Client\MySchool.Client.csproj", "{DFBEFE3C-1F9C-472F-8670-3745E34180A9}"
EndProject
Project("{9A19103F-16F7-4668-BE54-9A1E7A4F7556}") = "MySchool.Model", "MySchool.Model\MySchool.Model.csproj", "{3F2AE929-DDF2-4FDD-A744-72D5A67D97E4}"
EndProject
Project("{9A19103F-16F7-4668-BE54-9A1E7A4F7556}") = "MySchool.DBRepo", "MySchool.DBRepo\MySchool.DBRepo.csproj", "{1396D283-8CFA-4C0A-A182-EC4EE465ECA9}"
EndProject
Project("{9A19103F-16F7-4668-BE54-9A1E7A4F7556}") = "MySchool.Shared", "MySchool.Shared\MySchool.Shared.csproj", "{1F8694FF-C352-4193-AEC3-B81CEEFBA463}"
EndProject
Project("{9A19103F-16F7-4668-BE54-9A1E7A4F7556}") = "MySchool.BL", "MySchool.BL\MySchool.BL.csproj", "{C9B03D03-D3C1-45C9-B417-C42ACD96C725}"
EndProject
Project("{9A19103F-16F7-4668-BE54-9A1E7A4F7556}") = "MySchool.API", "MySchool.API\MySchool.API.csproj", "{D05625B8-A120-4642-89F0-F404D20D8012}"
EndProject
Project("{2150E333-8FDC-42A3-9474-1A3956D46DE8}") = "ProjectNotes", "ProjectNotes", "{D0C587D0-3756-43FA-97BC-1D3147F5708D}"
	ProjectSection(SolutionItems) = preProject
		ProjectSQL.sql = ProjectSQL.sql
		TMP.txt = TMP.txt
	EndProjectSection
EndProject
Project("{FAE04EC0-301F-11D3-BF4B-00C04F79EFBC}") = "CodeGenerator", "CodeGenerator\CodeGenerator.csproj", "{3D8919A3-0198-46B1-8829-3DC0F111CA6D}"
EndProject
Project("{00D1A9C2-B5F0-4AF3-8072-F6C62B433612}") = "MySchool.MSSQL", "MySchool.MSSQL\MySchool.MSSQL.sqlproj", "{37383239-B654-468F-B036-8D2F237E4D52}"
EndProject
Global
	GlobalSection(SolutionConfigurationPlatforms) = preSolution
		Debug|Any CPU = Debug|Any CPU
		Release|Any CPU = Release|Any CPU
	EndGlobalSection
	GlobalSection(ProjectConfigurationPlatforms) = postSolution
		{DFBEFE3C-1F9C-472F-8670-3745E34180A9}.Debug|Any CPU.ActiveCfg = Debug|Any CPU
		{DFBEFE3C-1F9C-472F-8670-3745E34180A9}.Debug|Any CPU.Build.0 = Debug|Any CPU
		{DFBEFE3C-1F9C-472F-8670-3745E34180A9}.Release|Any CPU.ActiveCfg = Release|Any CPU
		{DFBEFE3C-1F9C-472F-8670-3745E34180A9}.Release|Any CPU.Build.0 = Release|Any CPU
		{3F2AE929-DDF2-4FDD-A744-72D5A67D97E4}.Debug|Any CPU.ActiveCfg = Debug|Any CPU
		{3F2AE929-DDF2-4FDD-A744-72D5A67D97E4}.Debug|Any CPU.Build.0 = Debug|Any CPU
		{3F2AE929-DDF2-4FDD-A744-72D5A67D97E4}.Release|Any CPU.ActiveCfg = Release|Any CPU
		{3F2AE929-DDF2-4FDD-A744-72D5A67D97E4}.Release|Any CPU.Build.0 = Release|Any CPU
		{1396D283-8CFA-4C0A-A182-EC4EE465ECA9}.Debug|Any CPU.ActiveCfg = Debug|Any CPU
		{1396D283-8CFA-4C0A-A182-EC4EE465ECA9}.Debug|Any CPU.Build.0 = Debug|Any CPU
		{1396D283-8CFA-4C0A-A182-EC4EE465ECA9}.Release|Any CPU.ActiveCfg = Release|Any CPU
		{1396D283-8CFA-4C0A-A182-EC4EE465ECA9}.Release|Any CPU.Build.0 = Release|Any CPU
		{1F8694FF-C352-4193-AEC3-B81CEEFBA463}.Debug|Any CPU.ActiveCfg = Debug|Any CPU
		{1F8694FF-C352-4193-AEC3-B81CEEFBA463}.Debug|Any CPU.Build.0 = Debug|Any CPU
		{1F8694FF-C352-4193-AEC3-B81CEEFBA463}.Release|Any CPU.ActiveCfg = Release|Any CPU
		{1F8694FF-C352-4193-AEC3-B81CEEFBA463}.Release|Any CPU.Build.0 = Release|Any CPU
		{C9B03D03-D3C1-45C9-B417-C42ACD96C725}.Debug|Any CPU.ActiveCfg = Debug|Any CPU
		{C9B03D03-D3C1-45C9-B417-C42ACD96C725}.Debug|Any CPU.Build.0 = Debug|Any CPU
		{C9B03D03-D3C1-45C9-B417-C42ACD96C725}.Release|Any CPU.ActiveCfg = Release|Any CPU
		{C9B03D03-D3C1-45C9-B417-C42ACD96C725}.Release|Any CPU.Build.0 = Release|Any CPU
		{D05625B8-A120-4642-89F0-F404D20D8012}.Debug|Any CPU.ActiveCfg = Debug|Any CPU
		{D05625B8-A120-4642-89F0-F404D20D8012}.Debug|Any CPU.Build.0 = Debug|Any CPU
		{D05625B8-A120-4642-89F0-F404D20D8012}.Release|Any CPU.ActiveCfg = Release|Any CPU
		{D05625B8-A120-4642-89F0-F404D20D8012}.Release|Any CPU.Build.0 = Release|Any CPU
		{3D8919A3-0198-46B1-8829-3DC0F111CA6D}.Debug|Any CPU.ActiveCfg = Debug|Any CPU
		{3D8919A3-0198-46B1-8829-3DC0F111CA6D}.Debug|Any CPU.Build.0 = Debug|Any CPU
		{3D8919A3-0198-46B1-8829-3DC0F111CA6D}.Release|Any CPU.ActiveCfg = Release|Any CPU
		{3D8919A3-0198-46B1-8829-3DC0F111CA6D}.Release|Any CPU.Build.0 = Release|Any CPU
		{37383239-B654-468F-B036-8D2F237E4D52}.Debug|Any CPU.ActiveCfg = Debug|Any CPU
		{37383239-B654-468F-B036-8D2F237E4D52}.Debug|Any CPU.Build.0 = Debug|Any CPU
		{37383239-B654-468F-B036-8D2F237E4D52}.Debug|Any CPU.Deploy.0 = Debug|Any CPU
		{37383239-B654-468F-B036-8D2F237E4D52}.Release|Any CPU.ActiveCfg = Release|Any CPU
		{37383239-B654-468F-B036-8D2F237E4D52}.Release|Any CPU.Build.0 = Release|Any CPU
		{37383239-B654-468F-B036-8D2F237E4D52}.Release|Any CPU.Deploy.0 = Release|Any CPU
	EndGlobalSection
	GlobalSection(SolutionProperties) = preSolution
		HideSolutionNode = FALSE
	EndGlobalSection
	GlobalSection(ExtensibilityGlobals) = postSolution
		SolutionGuid = {B07266BB-20B6-4E41-8574-9ED894E0985E}
	EndGlobalSection
EndGlobal
